# THIS IS AN AUTOGENERATED FILE. DO NOT EDIT THIS FILE DIRECTLY.
# yarn lockfile v1


libsodium-sumo@^0.7.0:
  version "0.7.9"
  resolved "https://registry.yarnpkg.com/libsodium-sumo/-/libsodium-sumo-0.7.9.tgz#dff3d6144849e30d9b9a7bf628d28243f1c49102"
  integrity sha512-DcfJ57zlSlcmQU4s8KOX78pT0zKx5S9RLi0oyDuoIgm4K95+VNSaOidK/y9lUK4lxft14PtTPjoBy8tmLk1TDQ==

libsodium-wrappers-sumo@0.7.9:
  version "0.7.9"
  resolved "https://registry.yarnpkg.com/libsodium-wrappers-sumo/-/libsodium-wrappers-sumo-0.7.9.tgz#d15a346870c8e339baf1518f06b0ddccfa1e1046"
  integrity sha512-XLgLkqY973PngrRElbjOH0y7bJKYEfMWVpWPmW5iuhBjO6zXvHYQWtN52MVEeie/h98ZXN1Aw9BE+GzxQVAfLg==
  dependencies:
    libsodium-sumo "^0.7.0"

nan@^2.14.0:
  version "2.14.2"
  resolved "https://registry.yarnpkg.com/nan/-/nan-2.14.2.tgz#f5376400695168f4cc694ac9393d0c9585eeea19"
  integrity sha512-M2ufzIiINKCuDfBSAUr1vWQ+vuVcA9kqx8JJUsbQi6yf1uGRyb7HfpdfUr5qLXf3B/t8dPvcjhKMmlfnP47EzQ==

paseto.js@^0.1.7:
  version "0.1.7"
  resolved "https://registry.yarnpkg.com/paseto.js/-/paseto.js-0.1.7.tgz#8709ba987e1925d44f60f206c83b7fe30d1efa05"
  integrity sha512-WKExhDdcUmpEv9S2ufSuvjRcFQD1RPa5WL94euCmcQ7p/o0hcJuidRTKVx/YQ4f5VqAdz6Eyx7qs77QS8cA/+Q==
  dependencies:
    libsodium-wrappers-sumo "0.7.9"
    nan "^2.14.0"
