# Generated by pub
# See http://pub.dartlang.org/doc/glossary.html#lockfile
packages:
  analyzer:
    description: analyzer
    source: hosted
    version: "0.12.2"
  angular:
    description: angular
    source: hosted
    version: "0.9.10"
  args:
    description: args
    source: hosted
    version: "0.10.0+2"
  barback:
    description: barback
    source: hosted
    version: "0.11.1"
  browser:
    description: browser
    source: hosted
    version: "0.9.1"
  code_transformers:
    description: code_transformers
    source: hosted
    version: "0.0.1-dev.2"
  collection:
    description: collection
    source: hosted
    version: "0.9.1"
  di:
    description: di
    source: hosted
    version: "0.0.34"
  html5lib:
    description: html5lib
    source: hosted
    version: "0.9.2"
  intl:
    description: intl
    source: hosted
    version: "0.8.10+4"
  js:
    description: js
    source: hosted
    version: "0.2.2"
  logging:
    description: logging
    source: hosted
    version: "0.9.1+1"
  logging_handlers:
    description: logging_handlers
    source: hosted
    version: "0.8.0"
  matcher:
    description: matcher
    source: hosted
    version: "0.10.0"
  meta:
    description: meta
    source: hosted
    version: "0.8.8"
  mock:
    description: mock
    source: hosted
    version: "0.10.0"
  path:
    description: path
    source: hosted
    version: "1.1.0"
  perf_api:
    description: perf_api
    source: hosted
    version: "0.0.8"
  route_hierarchical:
    description: route_hierarchical
    source: hosted
    version: "0.4.15"
  shadow_dom:
    description: shadow_dom
    source: hosted
    version: "0.9.2"
  source_maps:
    description: source_maps
    source: hosted
    version: "0.9.0"
  stack_trace:
    description: stack_trace
    source: hosted
    version: "0.9.3"
  unittest:
    description: unittest
    source: hosted
    version: "0.10.1+1"
  utf:
    description: utf
    source: hosted
    version: "0.9.0"
