# THIS IS AN AUTOGENERATED FILE. DO NOT EDIT THIS FILE DIRECTLY.
# yarn lockfile v1


fontsource-open-sans@^3.1.5:
  version "3.1.5"
  resolved "https://registry.yarnpkg.com/fontsource-open-sans/-/fontsource-open-sans-3.1.5.tgz#93d0040633d37215658d72565bd2a12d9a8fa854"
  integrity sha512-tculQB3D6GHLPcbY1+WduZJM3bitV7GptWuKBAU7emfagJ/D5jtMCMd4i4JOGEzk0n416fdo5vLC0zYHxBYxzg==
